
Microsoft Visual Studio Solution File, Format Version 12.00
# Visual Studio Version 17
VisualStudioVersion = 17.11.35431.28
MinimumVisualStudioVersion = 10.0.40219.1
Project("{FAE04EC0-301F-11D3-BF4B-00C04F79EFBC}") = "First Week Assignment", "First Week Assignment.csproj", "{1EA8D3FE-02C0-40F9-9CAD-380DFAD3C2FD}"
EndProject
Global
	GlobalSection(SolutionConfigurationPlatforms) = preSolution
		Debug|Any CPU = Debug|Any CPU
		Release|Any CPU = Release|Any CPU
	EndGlobalSection
	GlobalSection(ProjectConfigurationPlatforms) = postSolution
		{1EA8D3FE-02C0-40F9-9CAD-380DFAD3C2FD}.Debug|Any CPU.ActiveCfg = Debug|Any CPU
		{1EA8D3FE-02C0-40F9-9CAD-380DFAD3C2FD}.Debug|Any CPU.Build.0 = Debug|Any CPU
		{1EA8D3FE-02C0-40F9-9CAD-380DFAD3C2FD}.Release|Any CPU.ActiveCfg = Release|Any CPU
		{1EA8D3FE-02C0-40F9-9CAD-380DFAD3C2FD}.Release|Any CPU.Build.0 = Release|Any CPU
	EndGlobalSection
	GlobalSection(SolutionProperties) = preSolution
		HideSolutionNode = FALSE
	EndGlobalSection
	GlobalSection(ExtensibilityGlobals) = postSolution
		SolutionGuid = {98B2B689-BB17-4E8F-B33D-603560B65232}
	EndGlobalSection
EndGlobal
